
Microsoft Visual Studio Solution File, Format Version 12.00
Project("{FAE04EC0-301F-11D3-BF4B-00C04F79EFBC}") = "El banquer analògic", "El banquer analògic\El banquer analògic.csproj", "{EDCBBF64-A547-4526-B099-1F0392A6A20B}"
EndProject
Global
	GlobalSection(SolutionConfigurationPlatforms) = preSolution
		Debug|Any CPU = Debug|Any CPU
		Release|Any CPU = Release|Any CPU
	EndGlobalSection
	GlobalSection(ProjectConfigurationPlatforms) = postSolution
		{EDCBBF64-A547-4526-B099-1F0392A6A20B}.Debug|Any CPU.ActiveCfg = Debug|Any CPU
		{EDCBBF64-A547-4526-B099-1F0392A6A20B}.Debug|Any CPU.Build.0 = Debug|Any CPU
		{EDCBBF64-A547-4526-B099-1F0392A6A20B}.Release|Any CPU.ActiveCfg = Release|Any CPU
		{EDCBBF64-A547-4526-B099-1F0392A6A20B}.Release|Any CPU.Build.0 = Release|Any CPU
	EndGlobalSection
EndGlobal
